
Microsoft Visual Studio Solution File, Format Version 12.00
# Visual Studio 15
VisualStudioVersion = 15.0.28307.1340
MinimumVisualStudioVersion = 10.0.40219.1
Project("{FAE04EC0-301F-11D3-BF4B-00C04F79EFBC}") = "Hardcore", "Hardcore\Hardcore.csproj", "{B683B190-1F11-4DD5-9393-4F8F41AE46AD}"
EndProject
Global
	GlobalSection(SolutionConfigurationPlatforms) = preSolution
		Debug|Any CPU = Debug|Any CPU
		Release|Any CPU = Release|Any CPU
	EndGlobalSection
	GlobalSection(ProjectConfigurationPlatforms) = postSolution
		{B683B190-1F11-4DD5-9393-4F8F41AE46AD}.Debug|Any CPU.ActiveCfg = Debug|Any CPU
		{B683B190-1F11-4DD5-9393-4F8F41AE46AD}.Debug|Any CPU.Build.0 = Debug|Any CPU
		{B683B190-1F11-4DD5-9393-4F8F41AE46AD}.Release|Any CPU.ActiveCfg = Release|Any CPU
		{B683B190-1F11-4DD5-9393-4F8F41AE46AD}.Release|Any CPU.Build.0 = Release|Any CPU
	EndGlobalSection
	GlobalSection(SolutionProperties) = preSolution
		HideSolutionNode = FALSE
	EndGlobalSection
	GlobalSection(ExtensibilityGlobals) = postSolution
		SolutionGuid = {30DA7711-015D-448E-97E0-394E8D535A2B}
	EndGlobalSection
EndGlobal
